
Microsoft Visual Studio Solution File, Format Version 12.00
# Visual Studio Version 17
VisualStudioVersion = 17.9.34728.123
MinimumVisualStudioVersion = 10.0.40219.1
Project("{9A19103F-16F7-4668-BE54-9A1E7A4F7556}") = "OnTheFly.PassengersAPI", "OnTheFly.PassengersAPI\OnTheFly.PassengersAPI.csproj", "{05565F6E-8FEC-44EC-9262-30463F4B7F42}"
EndProject
Project("{9A19103F-16F7-4668-BE54-9A1E7A4F7556}") = "Models", "Models\Models.csproj", "{ED6B7600-C2DF-4038-BD03-214172395470}"
EndProject
Project("{9A19103F-16F7-4668-BE54-9A1E7A4F7556}") = "OnTheFly.AddressAPI", "OnTheFly.AddressAPI\OnTheFly.AddressAPI.csproj", "{F4947732-1CD1-46AC-90BD-C4FCEE9C923A}"
EndProject
Project("{9A19103F-16F7-4668-BE54-9A1E7A4F7556}") = "OnTheFly.Tests", "OnTheFly.Tests\OnTheFly.Tests.csproj", "{A50DE9D6-B6D2-4F9B-8E6A-97D6EDC5D545}"
EndProject
Project("{9A19103F-16F7-4668-BE54-9A1E7A4F7556}") = "Services", "Services\Services.csproj", "{E0DA8620-EA0B-48E1-9E08-694B8107FC61}"
EndProject
Global
	GlobalSection(SolutionConfigurationPlatforms) = preSolution
		Debug|Any CPU = Debug|Any CPU
		Release|Any CPU = Release|Any CPU
	EndGlobalSection
	GlobalSection(ProjectConfigurationPlatforms) = postSolution
		{05565F6E-8FEC-44EC-9262-30463F4B7F42}.Debug|Any CPU.ActiveCfg = Debug|Any CPU
		{05565F6E-8FEC-44EC-9262-30463F4B7F42}.Debug|Any CPU.Build.0 = Debug|Any CPU
		{05565F6E-8FEC-44EC-9262-30463F4B7F42}.Release|Any CPU.ActiveCfg = Release|Any CPU
		{05565F6E-8FEC-44EC-9262-30463F4B7F42}.Release|Any CPU.Build.0 = Release|Any CPU
		{ED6B7600-C2DF-4038-BD03-214172395470}.Debug|Any CPU.ActiveCfg = Debug|Any CPU
		{ED6B7600-C2DF-4038-BD03-214172395470}.Debug|Any CPU.Build.0 = Debug|Any CPU
		{ED6B7600-C2DF-4038-BD03-214172395470}.Release|Any CPU.ActiveCfg = Release|Any CPU
		{ED6B7600-C2DF-4038-BD03-214172395470}.Release|Any CPU.Build.0 = Release|Any CPU
		{F4947732-1CD1-46AC-90BD-C4FCEE9C923A}.Debug|Any CPU.ActiveCfg = Debug|Any CPU
		{F4947732-1CD1-46AC-90BD-C4FCEE9C923A}.Debug|Any CPU.Build.0 = Debug|Any CPU
		{F4947732-1CD1-46AC-90BD-C4FCEE9C923A}.Release|Any CPU.ActiveCfg = Release|Any CPU
		{F4947732-1CD1-46AC-90BD-C4FCEE9C923A}.Release|Any CPU.Build.0 = Release|Any CPU
		{A50DE9D6-B6D2-4F9B-8E6A-97D6EDC5D545}.Debug|Any CPU.ActiveCfg = Debug|Any CPU
		{A50DE9D6-B6D2-4F9B-8E6A-97D6EDC5D545}.Debug|Any CPU.Build.0 = Debug|Any CPU
		{A50DE9D6-B6D2-4F9B-8E6A-97D6EDC5D545}.Release|Any CPU.ActiveCfg = Release|Any CPU
		{A50DE9D6-B6D2-4F9B-8E6A-97D6EDC5D545}.Release|Any CPU.Build.0 = Release|Any CPU
		{E0DA8620-EA0B-48E1-9E08-694B8107FC61}.Debug|Any CPU.ActiveCfg = Debug|Any CPU
		{E0DA8620-EA0B-48E1-9E08-694B8107FC61}.Debug|Any CPU.Build.0 = Debug|Any CPU
		{E0DA8620-EA0B-48E1-9E08-694B8107FC61}.Release|Any CPU.ActiveCfg = Release|Any CPU
		{E0DA8620-EA0B-48E1-9E08-694B8107FC61}.Release|Any CPU.Build.0 = Release|Any CPU
	EndGlobalSection
	GlobalSection(SolutionProperties) = preSolution
		HideSolutionNode = FALSE
	EndGlobalSection
	GlobalSection(ExtensibilityGlobals) = postSolution
		SolutionGuid = {AB3951BF-490B-473A-AEC0-5A0C0BCC1F59}
	EndGlobalSection
EndGlobal
